
Microsoft Visual Studio Solution File, Format Version 12.00
# Visual Studio 14
VisualStudioVersion = 14.0.25420.1
MinimumVisualStudioVersion = 10.0.40219.1
Project("{FAE04EC0-301F-11D3-BF4B-00C04F79EFBC}") = "MongoDB", "MongoDB\MongoDB.csproj", "{317F9B6F-2829-4659-B2FE-7DC8A74C226A}"
EndProject
Project("{FAE04EC0-301F-11D3-BF4B-00C04F79EFBC}") = "MongoDB.Tests", "MongoDB.Tests\MongoDB.Tests.csproj", "{C0803482-1673-4074-B198-8BD7B29375A3}"
EndProject
Global
	GlobalSection(SolutionConfigurationPlatforms) = preSolution
		Debug|Any CPU = Debug|Any CPU
		Release|Any CPU = Release|Any CPU
	EndGlobalSection
	GlobalSection(ProjectConfigurationPlatforms) = postSolution
		{317F9B6F-2829-4659-B2FE-7DC8A74C226A}.Debug|Any CPU.ActiveCfg = Debug|Any CPU
		{317F9B6F-2829-4659-B2FE-7DC8A74C226A}.Debug|Any CPU.Build.0 = Debug|Any CPU
		{317F9B6F-2829-4659-B2FE-7DC8A74C226A}.Release|Any CPU.ActiveCfg = Release|Any CPU
		{317F9B6F-2829-4659-B2FE-7DC8A74C226A}.Release|Any CPU.Build.0 = Release|Any CPU
		{C0803482-1673-4074-B198-8BD7B29375A3}.Debug|Any CPU.ActiveCfg = Debug|Any CPU
		{C0803482-1673-4074-B198-8BD7B29375A3}.Debug|Any CPU.Build.0 = Debug|Any CPU
		{C0803482-1673-4074-B198-8BD7B29375A3}.Release|Any CPU.ActiveCfg = Release|Any CPU
		{C0803482-1673-4074-B198-8BD7B29375A3}.Release|Any CPU.Build.0 = Release|Any CPU
	EndGlobalSection
	GlobalSection(SolutionProperties) = preSolution
		HideSolutionNode = FALSE
	EndGlobalSection
EndGlobal
